
Microsoft Visual Studio Solution File, Format Version 12.00
Project("{FAE04EC0-301F-11D3-BF4B-00C04F79EFBC}") = "ServiceAccountMaintenance", "ServiceAccountMaintenance\ServiceAccountMaintenance.csproj", "{63393558-AA2C-4771-820C-253E665211E4}"
EndProject
Global
	GlobalSection(SolutionConfigurationPlatforms) = preSolution
		Debug|Any CPU = Debug|Any CPU
		Release|Any CPU = Release|Any CPU
	EndGlobalSection
	GlobalSection(ProjectConfigurationPlatforms) = postSolution
		{63393558-AA2C-4771-820C-253E665211E4}.Debug|Any CPU.ActiveCfg = Debug|Any CPU
		{63393558-AA2C-4771-820C-253E665211E4}.Debug|Any CPU.Build.0 = Debug|Any CPU
		{63393558-AA2C-4771-820C-253E665211E4}.Release|Any CPU.ActiveCfg = Release|Any CPU
		{63393558-AA2C-4771-820C-253E665211E4}.Release|Any CPU.Build.0 = Release|Any CPU
	EndGlobalSection
EndGlobal
